// !$*UTF8*$!
{
	archiveVersion = 1;
	classes = {
	};
	objectVersion = 46;
	objects = {

/* Begin PBXBuildFile section */
		84C883261A6F7CBA00017233 /* AppDelegate.swift in Sources */ = {isa = PBXBuildFile; fileRef = 84C883251A6F7CBA00017233 /* AppDelegate.swift */; };
		84C883291A6F7CBA00017233 /* Wonders.xcdatamodeld in Sources */ = {isa = PBXBuildFile; fileRef = 84C883271A6F7CBA00017233 /* Wonders.xcdatamodeld */; };
		84C8832B1A6F7CBA00017233 /* ViewController.swift in Sources */ = {isa = PBXBuildFile; fileRef = 84C8832A1A6F7CBA00017233 /* ViewController.swift */; };
		84C8832E1A6F7CBA00017233 /* Main.storyboard in Resources */ = {isa = PBXBuildFile; fileRef = 84C8832C1A6F7CBA00017233 /* Main.storyboard */; };
		84C883301A6F7CBA00017233 /* Images.xcassets in Resources */ = {isa = PBXBuildFile; fileRef = 84C8832F1A6F7CBA00017233 /* Images.xcassets */; };
		84C883331A6F7CBA00017233 /* LaunchScreen.xib in Resources */ = {isa = PBXBuildFile; fileRef = 84C883311A6F7CBA00017233 /* LaunchScreen.xib */; };
		84C8833F1A6F7CBA00017233 /* WondersTests.swift in Sources */ = {isa = PBXBuildFile; fileRef = 84C8833E1A6F7CBA00017233 /* WondersTests.swift */; };
		84C883491A6F7DAF00017233 /* Taj_Mahal_in_March_2004.jpg in Resources */ = {isa = PBXBuildFile; fileRef = 84C883481A6F7DAF00017233 /* Taj_Mahal_in_March_2004.jpg */; };
		84C8834B1A6F827300017233 /* car_logo_PNG1639.png in Resources */ = {isa = PBXBuildFile; fileRef = 84C8834A1A6F827300017233 /* car_logo_PNG1639.png */; };
		84C8834D1A6F832000017233 /* SagradaFamilia.jpeg in Resources */ = {isa = PBXBuildFile; fileRef = 84C8834C1A6F832000017233 /* SagradaFamilia.jpeg */; };
		84C883841A6F880D00017233 /* Taj_Mahal_Entrance_Ticket_for_Non_Indian_ID.336122942_large.jpg in Resources */ = {isa = PBXBuildFile; fileRef = 84C883831A6F880D00017233 /* Taj_Mahal_Entrance_Ticket_for_Non_Indian_ID.336122942_large.jpg */; };
/* End PBXBuildFile section */

/* Begin PBXContainerItemProxy section */
		84C883391A6F7CBA00017233 /* PBXContainerItemProxy */ = {
			isa = PBXContainerItemProxy;
			containerPortal = 84C883181A6F7CBA00017233 /* Project object */;
			proxyType = 1;
			remoteGlobalIDString = 84C8831F1A6F7CBA00017233;
			remoteInfo = Wonders;
		};
/* End PBXContainerItemProxy section */

/* Begin PBXFileReference section */
		84C883201A6F7CBA00017233 /* Wonders.app */ = {isa = PBXFileReference; explicitFileType = wrapper.application; includeInIndex = 0; path = Wonders.app; sourceTree = BUILT_PRODUCTS_DIR; };
		84C883241A6F7CBA00017233 /* Info.plist */ = {isa = PBXFileReference; lastKnownFileType = text.plist.xml; path = Info.plist; sourceTree = "<group>"; };
		84C883251A6F7CBA00017233 /* AppDelegate.swift */ = {isa = PBXFileReference; lastKnownFileType = sourcecode.swift; path = AppDelegate.swift; sourceTree = "<group>"; };
		84C883281A6F7CBA00017233 /* Wonders.xcdatamodel */ = {isa = PBXFileReference; lastKnownFileType = wrapper.xcdatamodel; path = Wonders.xcdatamodel; sourceTree = "<group>"; };
		84C8832A1A6F7CBA00017233 /* ViewController.swift */ = {isa = PBXFileReference; lastKnownFileType = sourcecode.swift; path = ViewController.swift; sourceTree = "<group>"; };
		84C8832D1A6F7CBA00017233 /* Base */ = {isa = PBXFileReference; lastKnownFileType = file.storyboard; name = Base; path = Base.lproj/Main.storyboard; sourceTree = "<group>"; };
		84C8832F1A6F7CBA00017233 /* Images.xcassets */ = {isa = PBXFileReference; lastKnownFileType = folder.assetcatalog; path = Images.xcassets; sourceTree = "<group>"; };
		84C883321A6F7CBA00017233 /* Base */ = {isa = PBXFileReference; lastKnownFileType = file.xib; name = Base; path = Base.lproj/LaunchScreen.xib; sourceTree = "<group>"; };
		84C883381A6F7CBA00017233 /* WondersTests.xctest */ = {isa = PBXFileReference; explicitFileType = wrapper.cfbundle; includeInIndex = 0; path = WondersTests.xctest; sourceTree = BUILT_PRODUCTS_DIR; };
		84C8833D1A6F7CBA00017233 /* Info.plist */ = {isa = PBXFileReference; lastKnownFileType = text.plist.xml; path = Info.plist; sourceTree = "<group>"; };
		84C8833E1A6F7CBA00017233 /* WondersTests.swift */ = {isa = PBXFileReference; lastKnownFileType = sourcecode.swift; path = WondersTests.swift; sourceTree = "<group>"; };
		84C883481A6F7DAF00017233 /* Taj_Mahal_in_March_2004.jpg */ = {isa = PBXFileReference; lastKnownFileType = image.jpeg; path = Taj_Mahal_in_March_2004.jpg; sourceTree = "<group>"; };
		84C8834A1A6F827300017233 /* car_logo_PNG1639.png */ = {isa = PBXFileReference; lastKnownFileType = image.png; path = car_logo_PNG1639.png; sourceTree = "<group>"; };
		84C8834C1A6F832000017233 /* SagradaFamilia.jpeg */ = {isa = PBXFileReference; lastKnownFileType = image.jpeg; path = SagradaFamilia.jpeg; sourceTree = "<group>"; };
		84C883831A6F880D00017233 /* Taj_Mahal_Entrance_Ticket_for_Non_Indian_ID.336122942_large.jpg */ = {isa = PBXFileReference; lastKnownFileType = image.jpeg; path = Taj_Mahal_Entrance_Ticket_for_Non_Indian_ID.336122942_large.jpg; sourceTree = "<group>"; };
/* End PBXFileReference section */

/* Begin PBXFrameworksBuildPhase section */
		84C8831D1A6F7CBA00017233 /* Frameworks */ = {
			isa = PBXFrameworksBuildPhase;
			buildActionMask = 2147483647;
			files = (
			);
			runOnlyForDeploymentPostprocessing = 0;
		};
		84C883351A6F7CBA00017233 /* Frameworks */ = {
			isa = PBXFrameworksBuildPhase;
			buildActionMask = 2147483647;
			files = (
			);
			runOnlyForDeploymentPostprocessing = 0;
		};
/* End PBXFrameworksBuildPhase section */

/* Begin PBXGroup section */
		84C883171A6F7CBA00017233 = {
			isa = PBXGroup;
			children = (
				84C883221A6F7CBA00017233 /* Wonders */,
				84C8833B1A6F7CBA00017233 /* WondersTests */,
				84C883211A6F7CBA00017233 /* Products */,
			);
			sourceTree = "<group>";
		};
		84C883211A6F7CBA00017233 /* Products */ = {
			isa = PBXGroup;
			children = (
				84C883201A6F7CBA00017233 /* Wonders.app */,
				84C883381A6F7CBA00017233 /* WondersTests.xctest */,
			);
			name = Products;
			sourceTree = "<group>";
		};
		84C883221A6F7CBA00017233 /* Wonders */ = {
			isa = PBXGroup;
			children = (
				84C883251A6F7CBA00017233 /* AppDelegate.swift */,
				84C8832A1A6F7CBA00017233 /* ViewController.swift */,
				84C8832C1A6F7CBA00017233 /* Main.storyboard */,
				84C8832F1A6F7CBA00017233 /* Images.xcassets */,
				84C883311A6F7CBA00017233 /* LaunchScreen.xib */,
				84C883271A6F7CBA00017233 /* Wonders.xcdatamodeld */,
				84C883231A6F7CBA00017233 /* Supporting Files */,
			);
			path = Wonders;
			sourceTree = "<group>";
		};
		84C883231A6F7CBA00017233 /* Supporting Files */ = {
			isa = PBXGroup;
			children = (
				84C8834C1A6F832000017233 /* SagradaFamilia.jpeg */,
				84C883831A6F880D00017233 /* Taj_Mahal_Entrance_Ticket_for_Non_Indian_ID.336122942_large.jpg */,
				84C8834A1A6F827300017233 /* car_logo_PNG1639.png */,
				84C883481A6F7DAF00017233 /* Taj_Mahal_in_March_2004.jpg */,
				84C883241A6F7CBA00017233 /* Info.plist */,
			);
			name = "Supporting Files";
			sourceTree = "<group>";
		};
		84C8833B1A6F7CBA00017233 /* WondersTests */ = {
			isa = PBXGroup;
			children = (
				84C8833E1A6F7CBA00017233 /* WondersTests.swift */,
				84C8833C1A6F7CBA00017233 /* Supporting Files */,
			);
			path = WondersTests;
			sourceTree = "<group>";
		};
		84C8833C1A6F7CBA00017233 /* Supporting Files */ = {
			isa = PBXGroup;
			children = (
				84C8833D1A6F7CBA00017233 /* Info.plist */,
			);
			name = "Supporting Files";
			sourceTree = "<group>";
		};
/* End PBXGroup section */

/* Begin PBXNativeTarget section */
		84C8831F1A6F7CBA00017233 /* Wonders */ = {
			isa = PBXNativeTarget;
			buildConfigurationList = 84C883421A6F7CBA00017233 /* Build configuration list for PBXNativeTarget "Wonders" */;
			buildPhases = (
				84C8831C1A6F7CBA00017233 /* Sources */,
				84C8831D1A6F7CBA00017233 /* Frameworks */,
				84C8831E1A6F7CBA00017233 /* Resources */,
			);
			buildRules = (
			);
			dependencies = (
			);
			name = Wonders;
			productName = Wonders;
			productReference = 84C883201A6F7CBA00017233 /* Wonders.app */;
			productType = "com.apple.product-type.application";
		};
		84C883371A6F7CBA00017233 /* WondersTests */ = {
			isa = PBXNativeTarget;
			buildConfigurationList = 84C883451A6F7CBA00017233 /* Build configuration list for PBXNativeTarget "WondersTests" */;
			buildPhases = (
				84C883341A6F7CBA00017233 /* Sources */,
				84C883351A6F7CBA00017233 /* Frameworks */,
				84C883361A6F7CBA00017233 /* Resources */,
			);
			buildRules = (
			);
			dependencies = (
				84C8833A1A6F7CBA00017233 /* PBXTargetDependency */,
			);
			name = WondersTests;
			productName = WondersTests;
			productReference = 84C883381A6F7CBA00017233 /* WondersTests.xctest */;
			productType = "com.apple.product-type.bundle.unit-test";
		};
/* End PBXNativeTarget section */

/* Begin PBXProject section */
		84C883181A6F7CBA00017233 /* Project object */ = {
			isa = PBXProject;
			attributes = {
				LastUpgradeCheck = 0610;
				ORGANIZATIONNAME = swift;
				TargetAttributes = {
					84C8831F1A6F7CBA00017233 = {
						CreatedOnToolsVersion = 6.1;
					};
					84C883371A6F7CBA00017233 = {
						CreatedOnToolsVersion = 6.1;
						TestTargetID = 84C8831F1A6F7CBA00017233;
					};
				};
			};
			buildConfigurationList = 84C8831B1A6F7CBA00017233 /* Build configuration list for PBXProject "Wonders" */;
			compatibilityVersion = "Xcode 3.2";
			developmentRegion = English;
			hasScannedForEncodings = 0;
			knownRegions = (
				en,
				Base,
			);
			mainGroup = 84C883171A6F7CBA00017233;
			productRefGroup = 84C883211A6F7CBA00017233 /* Products */;
			projectDirPath = "";
			projectRoot = "";
			targets = (
				84C8831F1A6F7CBA00017233 /* Wonders */,
				84C883371A6F7CBA00017233 /* WondersTests */,
			);
		};
/* End PBXProject section */

/* Begin PBXResourcesBuildPhase section */
		84C8831E1A6F7CBA00017233 /* Resources */ = {
			isa = PBXResourcesBuildPhase;
			buildActionMask = 2147483647;
			files = (
				84C883841A6F880D00017233 /* Taj_Mahal_Entrance_Ticket_for_Non_Indian_ID.336122942_large.jpg in Resources */,
				84C8834B1A6F827300017233 /* car_logo_PNG1639.png in Resources */,
				84C883491A6F7DAF00017233 /* Taj_Mahal_in_March_2004.jpg in Resources */,
				84C8832E1A6F7CBA00017233 /* Main.storyboard in Resources */,
				84C883331A6F7CBA00017233 /* LaunchScreen.xib in Resources */,
				84C883301A6F7CBA00017233 /* Images.xcassets in Resources */,
				84C8834D1A6F832000017233 /* SagradaFamilia.jpeg in Resources */,
			);
			runOnlyForDeploymentPostprocessing = 0;
		};
		84C883361A6F7CBA00017233 /* Resources */ = {
			isa = PBXResourcesBuildPhase;
			buildActionMask = 2147483647;
			files = (
			);
			runOnlyForDeploymentPostprocessing = 0;
		};
/* End PBXResourcesBuildPhase section */

/* Begin PBXSourcesBuildPhase section */
		84C8831C1A6F7CBA00017233 /* Sources */ = {
			isa = PBXSourcesBuildPhase;
			buildActionMask = 2147483647;
			files = (
				84C8832B1A6F7CBA00017233 /* ViewController.swift in Sources */,
				84C883291A6F7CBA00017233 /* Wonders.xcdatamodeld in Sources */,
				84C883261A6F7CBA00017233 /* AppDelegate.swift in Sources */,
			);
			runOnlyForDeploymentPostprocessing = 0;
		};
		84C883341A6F7CBA00017233 /* Sources */ = {
			isa = PBXSourcesBuildPhase;
			buildActionMask = 2147483647;
			files = (
				84C8833F1A6F7CBA00017233 /* WondersTests.swift in Sources */,
			);
			runOnlyForDeploymentPostprocessing = 0;
		};
/* End PBXSourcesBuildPhase section */

/* Begin PBXTargetDependency section */
		84C8833A1A6F7CBA00017233 /* PBXTargetDependency */ = {
			isa = PBXTargetDependency;
			target = 84C8831F1A6F7CBA00017233 /* Wonders */;
			targetProxy = 84C883391A6F7CBA00017233 /* PBXContainerItemProxy */;
		};
/* End PBXTargetDependency section */

/* Begin PBXVariantGroup section */
		84C8832C1A6F7CBA00017233 /* Main.storyboard */ = {
			isa = PBXVariantGroup;
			children = (
				84C8832D1A6F7CBA00017233 /* Base */,
			);
			name = Main.storyboard;
			sourceTree = "<group>";
		};
		84C883311A6F7CBA00017233 /* LaunchScreen.xib */ = {
			isa = PBXVariantGroup;
			children = (
				84C883321A6F7CBA00017233 /* Base */,
			);
			name = LaunchScreen.xib;
			sourceTree = "<group>";
		};
/* End PBXVariantGroup section */

/* Begin XCBuildConfiguration section */
		84C883401A6F7CBA00017233 /* Debug */ = {
			isa = XCBuildConfiguration;
			buildSettings = {
				ALWAYS_SEARCH_USER_PATHS = NO;
				CLANG_CXX_LANGUAGE_STANDARD = "gnu++0x";
				CLANG_CXX_LIBRARY = "libc++";
				CLANG_ENABLE_MODULES = YES;
				CLANG_ENABLE_OBJC_ARC = YES;
				CLANG_WARN_BOOL_CONVERSION = YES;
				CLANG_WARN_CONSTANT_CONVERSION = YES;
				CLANG_WARN_DIRECT_OBJC_ISA_USAGE = YES_ERROR;
				CLANG_WARN_EMPTY_BODY = YES;
				CLANG_WARN_ENUM_CONVERSION = YES;
				CLANG_WARN_INT_CONVERSION = YES;
				CLANG_WARN_OBJC_ROOT_CLASS = YES_ERROR;
				CLANG_WARN_UNREACHABLE_CODE = YES;
				CLANG_WARN__DUPLICATE_METHOD_MATCH = YES;
				"CODE_SIGN_IDENTITY[sdk=iphoneos*]" = "iPhone Developer";
				COPY_PHASE_STRIP = NO;
				ENABLE_STRICT_OBJC_MSGSEND = YES;
				GCC_C_LANGUAGE_STANDARD = gnu99;
				GCC_DYNAMIC_NO_PIC = NO;
				GCC_OPTIMIZATION_LEVEL = 0;
				GCC_PREPROCESSOR_DEFINITIONS = (
					"DEBUG=1",
					"$(inherited)",
				);
				GCC_SYMBOLS_PRIVATE_EXTERN = NO;
				GCC_WARN_64_TO_32_BIT_CONVERSION = YES;
				GCC_WARN_ABOUT_RETURN_TYPE = YES_ERROR;
				GCC_WARN_UNDECLARED_SELECTOR = YES;
				GCC_WARN_UNINITIALIZED_AUTOS = YES_AGGRESSIVE;
				GCC_WARN_UNUSED_FUNCTION = YES;
				GCC_WARN_UNUSED_VARIABLE = YES;
				IPHONEOS_DEPLOYMENT_TARGET = 8.1;
				MTL_ENABLE_DEBUG_INFO = YES;
				ONLY_ACTIVE_ARCH = YES;
				SDKROOT = iphoneos;
				SWIFT_OPTIMIZATION_LEVEL = "-Onone";
				TARGETED_DEVICE_FAMILY = "1,2";
			};
			name = Debug;
		};
		84C883411A6F7CBA00017233 /* Release */ = {
			isa = XCBuildConfiguration;
			buildSettings = {
				ALWAYS_SEARCH_USER_PATHS = NO;
				CLANG_CXX_LANGUAGE_STANDARD = "gnu++0x";
				CLANG_CXX_LIBRARY = "libc++";
				CLANG_ENABLE_MODULES = YES;
				CLANG_ENABLE_OBJC_ARC = YES;
				CLANG_WARN_BOOL_CONVERSION = YES;
				CLANG_WARN_CONSTANT_CONVERSION = YES;
				CLANG_WARN_DIRECT_OBJC_ISA_USAGE = YES_ERROR;
				CLANG_WARN_EMPTY_BODY = YES;
				CLANG_WARN_ENUM_CONVERSION = YES;
				CLANG_WARN_INT_CONVERSION = YES;
				CLANG_WARN_OBJC_ROOT_CLASS = YES_ERROR;
				CLANG_WARN_UNREACHABLE_CODE = YES;
				CLANG_WARN__DUPLICATE_METHOD_MATCH = YES;
				"CODE_SIGN_IDENTITY[sdk=iphoneos*]" = "iPhone Developer";
				COPY_PHASE_STRIP = YES;
				ENABLE_NS_ASSERTIONS = NO;
				ENABLE_STRICT_OBJC_MSGSEND = YES;
				GCC_C_LANGUAGE_STANDARD = gnu99;
				GCC_WARN_64_TO_32_BIT_CONVERSION = YES;
				GCC_WARN_ABOUT_RETURN_TYPE = YES_ERROR;
				GCC_WARN_UNDECLARED_SELECTOR = YES;
				GCC_WARN_UNINITIALIZED_AUTOS = YES_AGGRESSIVE;
				GCC_WARN_UNUSED_FUNCTION = YES;
				GCC_WARN_UNUSED_VARIABLE = YES;
				IPHONEOS_DEPLOYMENT_TARGET = 8.1;
				MTL_ENABLE_DEBUG_INFO = NO;
				SDKROOT = iphoneos;
				TARGETED_DEVICE_FAMILY = "1,2";
				VALIDATE_PRODUCT = YES;
			};
			name = Release;
		};
		84C883431A6F7CBA00017233 /* Debug */ = {
			isa = XCBuildConfiguration;
			buildSettings = {
				ASSETCATALOG_COMPILER_APPICON_NAME = AppIcon;
				INFOPLIST_FILE = Wonders/Info.plist;
				LD_RUNPATH_SEARCH_PATHS = "$(inherited) @executable_path/Frameworks";
				PRODUCT_NAME = "$(TARGET_NAME)";
			};
			name = Debug;
		};
		84C883441A6F7CBA00017233 /* Release */ = {
			isa = XCBuildConfiguration;
			buildSettings = {
				ASSETCATALOG_COMPILER_APPICON_NAME = AppIcon;
				INFOPLIST_FILE = Wonders/Info.plist;
				LD_RUNPATH_SEARCH_PATHS = "$(inherited) @executable_path/Frameworks";
				PRODUCT_NAME = "$(TARGET_NAME)";
			};
			name = Release;
		};
		84C883461A6F7CBA00017233 /* Debug */ = {
			isa = XCBuildConfiguration;
			buildSettings = {
				BUNDLE_LOADER = "$(TEST_HOST)";
				FRAMEWORK_SEARCH_PATHS = (
					"$(SDKROOT)/Developer/Library/Frameworks",
					"$(inherited)",
				);
				GCC_PREPROCESSOR_DEFINITIONS = (
					"DEBUG=1",
					"$(inherited)",
				);
				INFOPLIST_FILE = WondersTests/Info.plist;
				LD_RUNPATH_SEARCH_PATHS = "$(inherited) @executable_path/Frameworks @loader_path/Frameworks";
				PRODUCT_NAME = "$(TARGET_NAME)";
				TEST_HOST = "$(BUILT_PRODUCTS_DIR)/Wonders.app/Wonders";
			};
			name = Debug;
		};
		84C883471A6F7CBA00017233 /* Release */ = {
			isa = XCBuildConfiguration;
			buildSettings = {
				BUNDLE_LOADER = "$(TEST_HOST)";
				FRAMEWORK_SEARCH_PATHS = (
					"$(SDKROOT)/Developer/Library/Frameworks",
					"$(inherited)",
				);
				INFOPLIST_FILE = WondersTests/Info.plist;
				LD_RUNPATH_SEARCH_PATHS = "$(inherited) @executable_path/Frameworks @loader_path/Frameworks";
				PRODUCT_NAME = "$(TARGET_NAME)";
				TEST_HOST = "$(BUILT_PRODUCTS_DIR)/Wonders.app/Wonders";
			};
			name = Release;
		};
/* End XCBuildConfiguration section */

/* Begin XCConfigurationList section */
		84C8831B1A6F7CBA00017233 /* Build configuration list for PBXProject "Wonders" */ = {
			isa = XCConfigurationList;
			buildConfigurations = (
				84C883401A6F7CBA00017233 /* Debug */,
				84C883411A6F7CBA00017233 /* Release */,
			);
			defaultConfigurationIsVisible = 0;
			defaultConfigurationName = Release;
		};
		84C883421A6F7CBA00017233 /* Build configuration list for PBXNativeTarget "Wonders" */ = {
			isa = XCConfigurationList;
			buildConfigurations = (
				84C883431A6F7CBA00017233 /* Debug */,
				84C883441A6F7CBA00017233 /* Release */,
			);
			defaultConfigurationIsVisible = 0;
			defaultConfigurationName = Release;
		};
		84C883451A6F7CBA00017233 /* Build configuration list for PBXNativeTarget "WondersTests" */ = {
			isa = XCConfigurationList;
			buildConfigurations = (
				84C883461A6F7CBA00017233 /* Debug */,
				84C883471A6F7CBA00017233 /* Release */,
			);
			defaultConfigurationIsVisible = 0;
			defaultConfigurationName = Release;
		};
/* End XCConfigurationList section */

/* Begin XCVersionGroup section */
		84C883271A6F7CBA00017233 /* Wonders.xcdatamodeld */ = {
			isa = XCVersionGroup;
			children = (
				84C883281A6F7CBA00017233 /* Wonders.xcdatamodel */,
			);
			currentVersion = 84C883281A6F7CBA00017233 /* Wonders.xcdatamodel */;
			path = Wonders.xcdatamodeld;
			sourceTree = "<group>";
			versionGroupType = wrapper.xcdatamodel;
		};
/* End XCVersionGroup section */
	};
	rootObject = 84C883181A6F7CBA00017233 /* Project object */;
}
